
Microsoft Visual Studio Solution File, Format Version 12.00
# Visual Studio Version 16
VisualStudioVersion = 16.0.29411.108
MinimumVisualStudioVersion = 10.0.40219.1
Project("{FAE04EC0-301F-11D3-BF4B-00C04F79EFBC}") = "HolidayApp", "HolidayApp\HolidayApp.csproj", "{3D46D73F-F28D-4315-9281-CE84D091C74A}"
EndProject
Project("{FAE04EC0-301F-11D3-BF4B-00C04F79EFBC}") = "HolidayApp.Infrastructure", "HolidayApp.Infrastructure\HolidayApp.Infrastructure.csproj", "{5CFEC5D8-BAA7-46F3-B4ED-BFFEA0066B78}"
EndProject
Project("{FAE04EC0-301F-11D3-BF4B-00C04F79EFBC}") = "HolidayApp.Core", "HolidayApp.Core\HolidayApp.Core.csproj", "{09C6C14C-BD86-4244-A9C8-18A46210B974}"
EndProject
Project("{FAE04EC0-301F-11D3-BF4B-00C04F79EFBC}") = "HolidayApp.Tests", "HolidayApp.Tests\HolidayApp.Tests.csproj", "{BC82F838-553F-4721-997B-8C05F32F2927}"
EndProject
Project("{FAE04EC0-301F-11D3-BF4B-00C04F79EFBC}") = "HolidayApp.Tests.EndToEnd", "HolidayApp.Tests.EndToEnd\HolidayApp.Tests.EndToEnd.csproj", "{7AE7CD48-92F0-49BE-B019-7A11C1A6E898}"
EndProject
Global
	GlobalSection(SolutionConfigurationPlatforms) = preSolution
		Debug|Any CPU = Debug|Any CPU
		Release|Any CPU = Release|Any CPU
	EndGlobalSection
	GlobalSection(ProjectConfigurationPlatforms) = postSolution
		{3D46D73F-F28D-4315-9281-CE84D091C74A}.Debug|Any CPU.ActiveCfg = Debug|Any CPU
		{3D46D73F-F28D-4315-9281-CE84D091C74A}.Debug|Any CPU.Build.0 = Debug|Any CPU
		{3D46D73F-F28D-4315-9281-CE84D091C74A}.Release|Any CPU.ActiveCfg = Release|Any CPU
		{3D46D73F-F28D-4315-9281-CE84D091C74A}.Release|Any CPU.Build.0 = Release|Any CPU
		{5CFEC5D8-BAA7-46F3-B4ED-BFFEA0066B78}.Debug|Any CPU.ActiveCfg = Debug|Any CPU
		{5CFEC5D8-BAA7-46F3-B4ED-BFFEA0066B78}.Debug|Any CPU.Build.0 = Debug|Any CPU
		{5CFEC5D8-BAA7-46F3-B4ED-BFFEA0066B78}.Release|Any CPU.ActiveCfg = Release|Any CPU
		{5CFEC5D8-BAA7-46F3-B4ED-BFFEA0066B78}.Release|Any CPU.Build.0 = Release|Any CPU
		{09C6C14C-BD86-4244-A9C8-18A46210B974}.Debug|Any CPU.ActiveCfg = Debug|Any CPU
		{09C6C14C-BD86-4244-A9C8-18A46210B974}.Debug|Any CPU.Build.0 = Debug|Any CPU
		{09C6C14C-BD86-4244-A9C8-18A46210B974}.Release|Any CPU.ActiveCfg = Release|Any CPU
		{09C6C14C-BD86-4244-A9C8-18A46210B974}.Release|Any CPU.Build.0 = Release|Any CPU
		{BC82F838-553F-4721-997B-8C05F32F2927}.Debug|Any CPU.ActiveCfg = Debug|Any CPU
		{BC82F838-553F-4721-997B-8C05F32F2927}.Debug|Any CPU.Build.0 = Debug|Any CPU
		{BC82F838-553F-4721-997B-8C05F32F2927}.Release|Any CPU.ActiveCfg = Release|Any CPU
		{BC82F838-553F-4721-997B-8C05F32F2927}.Release|Any CPU.Build.0 = Release|Any CPU
		{7AE7CD48-92F0-49BE-B019-7A11C1A6E898}.Debug|Any CPU.ActiveCfg = Debug|Any CPU
		{7AE7CD48-92F0-49BE-B019-7A11C1A6E898}.Debug|Any CPU.Build.0 = Debug|Any CPU
		{7AE7CD48-92F0-49BE-B019-7A11C1A6E898}.Release|Any CPU.ActiveCfg = Release|Any CPU
		{7AE7CD48-92F0-49BE-B019-7A11C1A6E898}.Release|Any CPU.Build.0 = Release|Any CPU
	EndGlobalSection
	GlobalSection(SolutionProperties) = preSolution
		HideSolutionNode = FALSE
	EndGlobalSection
	GlobalSection(ExtensibilityGlobals) = postSolution
		SolutionGuid = {43690D19-690E-469C-B68D-78CAAF073F90}
	EndGlobalSection
EndGlobal
